
Microsoft Visual Studio Solution File, Format Version 12.00
# Visual Studio Version 17
VisualStudioVersion = 17.2.32616.157
MinimumVisualStudioVersion = 10.0.40219.1
Project("{FAE04EC0-301F-11D3-BF4B-00C04F79EFBC}") = "LicenseKeyGenerator", "LicenseKeyGenerator\LicenseKeyGenerator.csproj", "{27269FC5-A105-4164-87B9-2B27E95408ED}"
EndProject
Global
	GlobalSection(SolutionConfigurationPlatforms) = preSolution
		Debug|Any CPU = Debug|Any CPU
		Release|Any CPU = Release|Any CPU
	EndGlobalSection
	GlobalSection(ProjectConfigurationPlatforms) = postSolution
		{27269FC5-A105-4164-87B9-2B27E95408ED}.Debug|Any CPU.ActiveCfg = Debug|Any CPU
		{27269FC5-A105-4164-87B9-2B27E95408ED}.Debug|Any CPU.Build.0 = Debug|Any CPU
		{27269FC5-A105-4164-87B9-2B27E95408ED}.Release|Any CPU.ActiveCfg = Release|Any CPU
		{27269FC5-A105-4164-87B9-2B27E95408ED}.Release|Any CPU.Build.0 = Release|Any CPU
	EndGlobalSection
	GlobalSection(SolutionProperties) = preSolution
		HideSolutionNode = FALSE
	EndGlobalSection
	GlobalSection(ExtensibilityGlobals) = postSolution
		SolutionGuid = {B2F20ADC-7357-4C59-A4E4-5947CAB23936}
	EndGlobalSection
EndGlobal
